
Microsoft Visual Studio Solution File, Format Version 12.00
# Visual Studio Version 17
VisualStudioVersion = 17.2.32630.192
MinimumVisualStudioVersion = 10.0.40219.1
Project("{FAE04EC0-301F-11D3-BF4B-00C04F79EFBC}") = "CSharp Arrays and Lists Experimentation", "CSharp Arrays and Lists Experimentation.csproj", "{92757619-0E8B-43BC-8D71-F64CA142FE2A}"
EndProject
Global
	GlobalSection(SolutionConfigurationPlatforms) = preSolution
		Debug|Any CPU = Debug|Any CPU
		Release|Any CPU = Release|Any CPU
	EndGlobalSection
	GlobalSection(ProjectConfigurationPlatforms) = postSolution
		{92757619-0E8B-43BC-8D71-F64CA142FE2A}.Debug|Any CPU.ActiveCfg = Debug|Any CPU
		{92757619-0E8B-43BC-8D71-F64CA142FE2A}.Debug|Any CPU.Build.0 = Debug|Any CPU
		{92757619-0E8B-43BC-8D71-F64CA142FE2A}.Release|Any CPU.ActiveCfg = Release|Any CPU
		{92757619-0E8B-43BC-8D71-F64CA142FE2A}.Release|Any CPU.Build.0 = Release|Any CPU
	EndGlobalSection
	GlobalSection(SolutionProperties) = preSolution
		HideSolutionNode = FALSE
	EndGlobalSection
	GlobalSection(ExtensibilityGlobals) = postSolution
		SolutionGuid = {DC5A3D0A-7AB8-4F92-86C9-F3C6648B9B4A}
	EndGlobalSection
EndGlobal
