
Microsoft Visual Studio Solution File, Format Version 12.00
# Visual Studio Version 17
VisualStudioVersion = 17.2.32630.192
MinimumVisualStudioVersion = 10.0.40219.1
Project("{FAE04EC0-301F-11D3-BF4B-00C04F79EFBC}") = "WhiteBoardChallenge02", "WhiteBoardChallenge02.csproj", "{8BBCB3DA-6B1B-43D9-8CC2-F564852711C5}"
EndProject
Global
	GlobalSection(SolutionConfigurationPlatforms) = preSolution
		Debug|Any CPU = Debug|Any CPU
		Release|Any CPU = Release|Any CPU
	EndGlobalSection
	GlobalSection(ProjectConfigurationPlatforms) = postSolution
		{8BBCB3DA-6B1B-43D9-8CC2-F564852711C5}.Debug|Any CPU.ActiveCfg = Debug|Any CPU
		{8BBCB3DA-6B1B-43D9-8CC2-F564852711C5}.Debug|Any CPU.Build.0 = Debug|Any CPU
		{8BBCB3DA-6B1B-43D9-8CC2-F564852711C5}.Release|Any CPU.ActiveCfg = Release|Any CPU
		{8BBCB3DA-6B1B-43D9-8CC2-F564852711C5}.Release|Any CPU.Build.0 = Release|Any CPU
	EndGlobalSection
	GlobalSection(SolutionProperties) = preSolution
		HideSolutionNode = FALSE
	EndGlobalSection
	GlobalSection(ExtensibilityGlobals) = postSolution
		SolutionGuid = {016610D0-E2FF-4CCD-AD0D-D1222CDCEDD3}
	EndGlobalSection
EndGlobal
