
Microsoft Visual Studio Solution File, Format Version 12.00
# Visual Studio Version 17
VisualStudioVersion = 17.2.32630.192
MinimumVisualStudioVersion = 10.0.40219.1
Project("{FAE04EC0-301F-11D3-BF4B-00C04F79EFBC}") = "C Sharp Syntactic Practice (Methods)", "C Sharp Syntactic Practice (Methods).csproj", "{094D69C7-E449-4D7C-B5D9-E01C1D48655B}"
EndProject
Global
	GlobalSection(SolutionConfigurationPlatforms) = preSolution
		Debug|Any CPU = Debug|Any CPU
		Release|Any CPU = Release|Any CPU
	EndGlobalSection
	GlobalSection(ProjectConfigurationPlatforms) = postSolution
		{094D69C7-E449-4D7C-B5D9-E01C1D48655B}.Debug|Any CPU.ActiveCfg = Debug|Any CPU
		{094D69C7-E449-4D7C-B5D9-E01C1D48655B}.Debug|Any CPU.Build.0 = Debug|Any CPU
		{094D69C7-E449-4D7C-B5D9-E01C1D48655B}.Release|Any CPU.ActiveCfg = Release|Any CPU
		{094D69C7-E449-4D7C-B5D9-E01C1D48655B}.Release|Any CPU.Build.0 = Release|Any CPU
	EndGlobalSection
	GlobalSection(SolutionProperties) = preSolution
		HideSolutionNode = FALSE
	EndGlobalSection
	GlobalSection(ExtensibilityGlobals) = postSolution
		SolutionGuid = {816DF543-C5AC-4439-9860-18AD9ACE6BED}
	EndGlobalSection
EndGlobal
