
Microsoft Visual Studio Solution File, Format Version 12.00
# Visual Studio Version 17
VisualStudioVersion = 17.2.32630.192
MinimumVisualStudioVersion = 10.0.40219.1
Project("{FAE04EC0-301F-11D3-BF4B-00C04F79EFBC}") = "LINQ Exercise", "LINQ Exercise.csproj", "{4283AD7B-BE6B-4150-8F0F-616E89A74409}"
EndProject
Global
	GlobalSection(SolutionConfigurationPlatforms) = preSolution
		Debug|Any CPU = Debug|Any CPU
		Release|Any CPU = Release|Any CPU
	EndGlobalSection
	GlobalSection(ProjectConfigurationPlatforms) = postSolution
		{4283AD7B-BE6B-4150-8F0F-616E89A74409}.Debug|Any CPU.ActiveCfg = Debug|Any CPU
		{4283AD7B-BE6B-4150-8F0F-616E89A74409}.Debug|Any CPU.Build.0 = Debug|Any CPU
		{4283AD7B-BE6B-4150-8F0F-616E89A74409}.Release|Any CPU.ActiveCfg = Release|Any CPU
		{4283AD7B-BE6B-4150-8F0F-616E89A74409}.Release|Any CPU.Build.0 = Release|Any CPU
	EndGlobalSection
	GlobalSection(SolutionProperties) = preSolution
		HideSolutionNode = FALSE
	EndGlobalSection
	GlobalSection(ExtensibilityGlobals) = postSolution
		SolutionGuid = {C2ED38F4-C959-4E68-9184-8CB7EDDB403C}
	EndGlobalSection
EndGlobal
